
Microsoft Visual Studio Solution File, Format Version 12.00
# Visual Studio Version 16
VisualStudioVersion = 16.0.30503.244
MinimumVisualStudioVersion = 10.0.40219.1
Project("{8BC9CEB8-8B4A-11D0-8D11-00A0C91BC942}") = "数组的顺序存储表", "数组的顺序存储表.vcxproj", "{25645066-FA97-46BF-9F00-941BBA247718}"
EndProject
Global
	GlobalSection(SolutionConfigurationPlatforms) = preSolution
		Debug|x64 = Debug|x64
		Debug|x86 = Debug|x86
		Release|x64 = Release|x64
		Release|x86 = Release|x86
	EndGlobalSection
	GlobalSection(ProjectConfigurationPlatforms) = postSolution
		{25645066-FA97-46BF-9F00-941BBA247718}.Debug|x64.ActiveCfg = Debug|x64
		{25645066-FA97-46BF-9F00-941BBA247718}.Debug|x64.Build.0 = Debug|x64
		{25645066-FA97-46BF-9F00-941BBA247718}.Debug|x86.ActiveCfg = Debug|Win32
		{25645066-FA97-46BF-9F00-941BBA247718}.Debug|x86.Build.0 = Debug|Win32
		{25645066-FA97-46BF-9F00-941BBA247718}.Release|x64.ActiveCfg = Release|x64
		{25645066-FA97-46BF-9F00-941BBA247718}.Release|x64.Build.0 = Release|x64
		{25645066-FA97-46BF-9F00-941BBA247718}.Release|x86.ActiveCfg = Release|Win32
		{25645066-FA97-46BF-9F00-941BBA247718}.Release|x86.Build.0 = Release|Win32
	EndGlobalSection
	GlobalSection(SolutionProperties) = preSolution
		HideSolutionNode = FALSE
	EndGlobalSection
	GlobalSection(ExtensibilityGlobals) = postSolution
		SolutionGuid = {DE598559-A5C1-4945-88DE-FC450B51C4FE}
	EndGlobalSection
EndGlobal
